{
	"name": "twitch-highlighter",
	"version": "1.0.2",
	"lockfileVersion": 2,
	"requires": true,
	"packages": {
		"": {
			"name": "twitch-highlighter",
			"version": "1.0.2",
			"dependencies": {
				"tmi.js": "^1.8.5"
			},
			"devDependencies": {
				"@types/vscode": "^1.66.0"
			},
			"engines": {
				"vscode": "^1.59.0"
			}
		},
		"node_modules/@types/vscode": {
			"version": "1.66.0",
			"resolved": "https://registry.npmjs.org/@types/vscode/-/vscode-1.66.0.tgz",
			"integrity": "sha512-ZfJck4M7nrGasfs4A4YbUoxis3Vu24cETw3DERsNYtDZmYSYtk6ljKexKFKhImO/ZmY6ZMsmegu2FPkXoUFImA==",
			"dev": true
		},
		"node_modules/node-fetch": {
			"version": "2.6.1",
			"resolved": "https://registry.npmjs.org/node-fetch/-/node-fetch-2.6.1.tgz",
			"integrity": "sha512-V4aYg89jEoVRxRb2fJdAg8FHvI7cEyYdVAh94HH0UIK8oJxUfkjlDQN9RbMx+bEjP7+ggMiFRprSti032Oipxw==",
			"engines": {
				"node": "4.x || >=6.0.0"
			}
		},
		"node_modules/tmi.js": {
			"version": "1.8.5",
			"resolved": "https://registry.npmjs.org/tmi.js/-/tmi.js-1.8.5.tgz",
			"integrity": "sha512-A9qrydfe1e0VWM9MViVhhxVgvLpnk7pFShVUWePsSTtoi+A1X+Zjdoa7OJd7/YsgHXGj3GkNEvnWop/1WwZuew==",
			"dependencies": {
				"node-fetch": "^2.6.1",
				"ws": "^8.2.0"
			},
			"engines": {
				"node": ">=10.0.0"
			}
		},
		"node_modules/ws": {
			"version": "8.2.0",
			"resolved": "https://registry.npmjs.org/ws/-/ws-8.2.0.tgz",
			"integrity": "sha512-uYhVJ/m9oXwEI04iIVmgLmugh2qrZihkywG9y5FfZV2ATeLIzHf93qs+tUNqlttbQK957/VX3mtwAS+UfIwA4g==",
			"engines": {
				"node": ">=10.0.0"
			},
			"peerDependencies": {
				"bufferutil": "^4.0.1",
				"utf-8-validate": "^5.0.2"
			},
			"peerDependenciesMeta": {
				"bufferutil": {
					"optional": true
				},
				"utf-8-validate": {
					"optional": true
				}
			}
		}
	},
	"dependencies": {
		"@types/vscode": {
			"version": "1.66.0",
			"resolved": "https://registry.npmjs.org/@types/vscode/-/vscode-1.66.0.tgz",
			"integrity": "sha512-ZfJck4M7nrGasfs4A4YbUoxis3Vu24cETw3DERsNYtDZmYSYtk6ljKexKFKhImO/ZmY6ZMsmegu2FPkXoUFImA==",
			"dev": true
		},
		"node-fetch": {
			"version": "2.6.1",
			"resolved": "https://registry.npmjs.org/node-fetch/-/node-fetch-2.6.1.tgz",
			"integrity": "sha512-V4aYg89jEoVRxRb2fJdAg8FHvI7cEyYdVAh94HH0UIK8oJxUfkjlDQN9RbMx+bEjP7+ggMiFRprSti032Oipxw=="
		},
		"tmi.js": {
			"version": "1.8.5",
			"resolved": "https://registry.npmjs.org/tmi.js/-/tmi.js-1.8.5.tgz",
			"integrity": "sha512-A9qrydfe1e0VWM9MViVhhxVgvLpnk7pFShVUWePsSTtoi+A1X+Zjdoa7OJd7/YsgHXGj3GkNEvnWop/1WwZuew==",
			"requires": {
				"node-fetch": "^2.6.1",
				"ws": "^8.2.0"
			}
		},
		"ws": {
			"version": "8.2.0",
			"resolved": "https://registry.npmjs.org/ws/-/ws-8.2.0.tgz",
			"integrity": "sha512-uYhVJ/m9oXwEI04iIVmgLmugh2qrZihkywG9y5FfZV2ATeLIzHf93qs+tUNqlttbQK957/VX3mtwAS+UfIwA4g==",
			"requires": {}
		}
	}
}
