{
	"name": "helloworld-minimal-sample",
	"version": "0.0.1",
	"lockfileVersion": 2,
	"requires": true,
	"packages": {
		"": {
			"name": "helloworld-minimal-sample",
			"version": "0.0.1",
			"dependencies": {
				"tmi.js": "^1.8.3"
			},
			"devDependencies": {
				"@types/vscode": "^1.58.1"
			},
			"engines": {
				"vscode": "^1.32.0"
			}
		},
		"node_modules/@types/vscode": {
			"version": "1.58.1",
			"resolved": "https://registry.npmjs.org/@types/vscode/-/vscode-1.58.1.tgz",
			"integrity": "sha512-sa76rDXiSif09he8KoaWWUQxsuBr2+uND0xn1GUbEODkuEjp2p7Rqd3t5qlvklfmAedLFdL7MdnsPa57uzwcOw==",
			"dev": true
		},
		"node_modules/node-fetch": {
			"version": "2.6.1",
			"resolved": "https://registry.npmjs.org/node-fetch/-/node-fetch-2.6.1.tgz",
			"integrity": "sha512-V4aYg89jEoVRxRb2fJdAg8FHvI7cEyYdVAh94HH0UIK8oJxUfkjlDQN9RbMx+bEjP7+ggMiFRprSti032Oipxw==",
			"engines": {
				"node": "4.x || >=6.0.0"
			}
		},
		"node_modules/tmi.js": {
			"version": "1.8.3",
			"resolved": "https://registry.npmjs.org/tmi.js/-/tmi.js-1.8.3.tgz",
			"integrity": "sha512-1YAO3hwnkpAbUfVlpxcqOHP4Nun/+TqxWE/e/ZKMB6p40ZKczhI03oZW2Qx3pppqWjXz5kSjHdT/vTTfi2gCGQ==",
			"dependencies": {
				"node-fetch": "^2.6.1",
				"ws": "^7.4.3"
			},
			"engines": {
				"node": ">=10.0.0"
			}
		},
		"node_modules/ws": {
			"version": "7.5.2",
			"resolved": "https://registry.npmjs.org/ws/-/ws-7.5.2.tgz",
			"integrity": "sha512-lkF7AWRicoB9mAgjeKbGqVUekLnSNO4VjKVnuPHpQeOxZOErX6BPXwJk70nFslRCEEA8EVW7ZjKwXaP9N+1sKQ==",
			"engines": {
				"node": ">=8.3.0"
			},
			"peerDependencies": {
				"bufferutil": "^4.0.1",
				"utf-8-validate": "^5.0.2"
			},
			"peerDependenciesMeta": {
				"bufferutil": {
					"optional": true
				},
				"utf-8-validate": {
					"optional": true
				}
			}
		}
	},
	"dependencies": {
		"@types/vscode": {
			"version": "1.58.1",
			"resolved": "https://registry.npmjs.org/@types/vscode/-/vscode-1.58.1.tgz",
			"integrity": "sha512-sa76rDXiSif09he8KoaWWUQxsuBr2+uND0xn1GUbEODkuEjp2p7Rqd3t5qlvklfmAedLFdL7MdnsPa57uzwcOw==",
			"dev": true
		},
		"node-fetch": {
			"version": "2.6.1",
			"resolved": "https://registry.npmjs.org/node-fetch/-/node-fetch-2.6.1.tgz",
			"integrity": "sha512-V4aYg89jEoVRxRb2fJdAg8FHvI7cEyYdVAh94HH0UIK8oJxUfkjlDQN9RbMx+bEjP7+ggMiFRprSti032Oipxw=="
		},
		"tmi.js": {
			"version": "1.8.3",
			"resolved": "https://registry.npmjs.org/tmi.js/-/tmi.js-1.8.3.tgz",
			"integrity": "sha512-1YAO3hwnkpAbUfVlpxcqOHP4Nun/+TqxWE/e/ZKMB6p40ZKczhI03oZW2Qx3pppqWjXz5kSjHdT/vTTfi2gCGQ==",
			"requires": {
				"node-fetch": "^2.6.1",
				"ws": "^7.4.3"
			}
		},
		"ws": {
			"version": "7.5.2",
			"resolved": "https://registry.npmjs.org/ws/-/ws-7.5.2.tgz",
			"integrity": "sha512-lkF7AWRicoB9mAgjeKbGqVUekLnSNO4VjKVnuPHpQeOxZOErX6BPXwJk70nFslRCEEA8EVW7ZjKwXaP9N+1sKQ==",
			"requires": {}
		}
	}
}
